# This file is autogenerated, do not edit; changes may be undone by the next 'dep ensure'.


[[projects]]
  name = "github.com/Sirupsen/logrus"
  packages = ["."]
  revision = "f006c2ac4710855cf0f916dd6b77acf6b048dc6e"
  version = "v1.0.3"

[[projects]]
  name = "github.com/beevik/etree"
  packages = ["."]
  revision = "15a30b44cfd6c5a16a7ddfe271bf146aaf2d3195"
  version = "v1.0.0"

[[projects]]
  branch = "master"
  name = "github.com/codahale/hdrhistogram"
  packages = ["."]
  revision = "3a0bb77429bd3a61596f5e8a3172445844342120"

[[projects]]
  branch = "master"
  name = "github.com/crewjam/saml"
  packages = [".","logger","samlsp","xmlenc"]
  revision = "5e89d545f563261a14cd84483eb5ff10233e208e"

[[projects]]
  name = "github.com/dgrijalva/jwt-go"
  packages = ["."]
  revision = "d2709f9f1f31ebcda9651b03077758c1f3a0018c"
  version = "v3.0.0"

[[projects]]
  branch = "alexander/beats"
  name = "github.com/gravitational/trace"
  packages = ["."]
  revision = "bdd69590106bbc949e797d0ed545489ec6f36eca"

[[projects]]
  name = "github.com/jonboulle/clockwork"
  packages = ["."]
  revision = "2eee05ed794112d45db504eb05aa693efd2b8b09"
  version = "v0.1.0"

[[projects]]
  branch = "master"
  name = "github.com/mailgun/minheap"
  packages = ["."]
  revision = "3dbe6c6bf55f94c5efcf460dc7f86830c21a90b2"

[[projects]]
  branch = "master"
  name = "github.com/mailgun/multibuf"
  packages = ["."]
  revision = "565402cd71fbd9c12aa7e295324ea357e970a61e"

[[projects]]
  branch = "master"
  name = "github.com/mailgun/timetools"
  packages = ["."]
  revision = "f3a7b8ffff474320c4f5cc564c9abb2c52ded8bc"

[[projects]]
  branch = "master"
  name = "github.com/mailgun/ttlmap"
  packages = ["."]
  revision = "c1c17f74874f2a5ea48bfb06b5459d4ef2689749"

[[projects]]
  branch = "master"
  name = "github.com/russellhaering/goxmldsig"
  packages = [".","etreeutils","types"]
  revision = "b7efc6231e45b10bfd779852831c8bb59b350ec5"

[[projects]]
  branch = "archis-dev"
  name = "github.com/vulcand/oxy"
  packages = ["buffer","cbreaker","forward","memmetrics","ratelimit","roundrobin","trace","utils"]
  revision = "a8bc3c3a9de2a7b3c2bf9d927fa4d83824eb6371"

[[projects]]
  name = "github.com/vulcand/predicate"
  packages = ["."]
  revision = "939c094524d124c55fa8afe0e077701db4a865e2"
  version = "v1.0.0"

[[projects]]
  name = "goji.io"
  packages = [".","internal","pat","pattern"]
  revision = "0d89ff54b2c18c9c4ba530e32496aef902d3c6cd"
  version = "v2.0"

[[projects]]
  branch = "master"
  name = "golang.org/x/crypto"
  packages = ["ripemd160","ssh/terminal"]
  revision = "ed5229da99e3a6df35c756cd64b6982d19505d86"

[[projects]]
  branch = "master"
  name = "golang.org/x/sys"
  packages = ["unix","windows"]
  revision = "8dbc5d05d6edcc104950cc299a1ce6641235bc86"

[[projects]]
  branch = "v2"
  name = "gopkg.in/mgo.v2"
  packages = ["bson","internal/json"]
  revision = "3f83fa5005286a7fe593b055f0d7771a7dce4655"

[[projects]]
  branch = "v2"
  name = "gopkg.in/yaml.v2"
  packages = ["."]
  revision = "eb3733d160e74a9c7e442f435eb3bea458e1d19f"

[solve-meta]
  analyzer-name = "dep"
  analyzer-version = 1
  inputs-digest = "5cf58bdb13e9ecea871eafb66fd5f789697b3e7b3a4287d1ebc33b52016bca78"
  solver-name = "gps-cdcl"
  solver-version = 1
