# This file is autogenerated, do not edit; changes may be undone by the next 'dep ensure'.


[[projects]]
  digest = "1:86849cd97161572bcdb705e0f6b986d0a250faa6b64c52f8a2a27199d0e16dee"
  name = "github.com/beevik/etree"
  packages = ["."]
  pruneopts = "UT"
  revision = "15a30b44cfd6c5a16a7ddfe271bf146aaf2d3195"
  version = "v1.0.0"

[[projects]]
  digest = "1:c5a85255a6ec88f354b6f05a6f9558e572ba329b0c501a6cf41ef97a000da664"
  name = "github.com/crewjam/saml"
  packages = [
    ".",
    "logger",
    "samlsp",
    "xmlenc",
  ]
  pruneopts = "UT"
  revision = "e231b7a1204a93c343c1a5fa2374ca2f6572f715"

[[projects]]
  digest = "1:76dc72490af7174349349838f2fe118996381b31ea83243812a97e5a0fd5ed55"
  name = "github.com/dgrijalva/jwt-go"
  packages = ["."]
  pruneopts = "UT"
  revision = "06ea1031745cb8b3dab3f6a236daf2b0aa468b7e"
  version = "v3.2.0"

[[projects]]
  digest = "1:75ab90ae3f5d876167e60f493beadfe66f0ed861a710f283fb06c86437a09538"
  name = "github.com/jonboulle/clockwork"
  packages = ["."]
  pruneopts = "UT"
  revision = "2eee05ed794112d45db504eb05aa693efd2b8b09"
  version = "v0.1.0"

[[projects]]
  digest = "1:87f801436ec4799e0e043ab348ff9f3e95b1b3761138158f0950ac67695cc272"
  name = "github.com/labstack/echo"
  packages = [
    ".",
    "middleware",
  ]
  pruneopts = "UT"
  revision = "6d227dfea4d2e52cb76856120b3c17f758139b4e"
  version = "3.3.5"

[[projects]]
  digest = "1:89d3b2cc2e6542b111a2f35d76eb35d1bed03f65455ebdb66a2340653da4f8e1"
  name = "github.com/labstack/gommon"
  packages = [
    "bytes",
    "color",
    "log",
    "random",
  ]
  pruneopts = "UT"
  revision = "588f4e8bddc6cb45c27b448e925c7fd6a5545434"
  version = "0.2.5"

[[projects]]
  digest = "1:c658e84ad3916da105a761660dcaeb01e63416c8ec7bc62256a9b411a05fcd67"
  name = "github.com/mattn/go-colorable"
  packages = ["."]
  pruneopts = "UT"
  revision = "167de6bfdfba052fa6b2d3664c8f5272e23c9072"
  version = "v0.0.9"

[[projects]]
  digest = "1:d4d17353dbd05cb52a2a52b7fe1771883b682806f68db442b436294926bbfafb"
  name = "github.com/mattn/go-isatty"
  packages = ["."]
  pruneopts = "UT"
  revision = "0360b2af4f38e8d38c7fce2a9f4e702702d73a39"
  version = "v0.0.3"

[[projects]]
  branch = "master"
  digest = "1:89219ef806bdf27bc63aa28ddd9bbc85e5fbb336148e4a46606c7ebd3d4be33a"
  name = "github.com/russellhaering/goxmldsig"
  packages = [
    ".",
    "etreeutils",
    "types",
  ]
  pruneopts = "UT"
  revision = "a348271703b2f18f06407858abd235ccbfebf33f"

[[projects]]
  digest = "1:5622116f2c79239f2d25d47b881e14f96a8b8c17b63b8a8326a38ee1a332b007"
  name = "github.com/sirupsen/logrus"
  packages = ["."]
  pruneopts = "UT"
  revision = "d682213848ed68c0a260ca37d6dd5ace8423f5ba"
  version = "v1.0.4"

[[projects]]
  branch = "master"
  digest = "1:c468422f334a6b46a19448ad59aaffdfc0a36b08fdcc1c749a0b29b6453d7e59"
  name = "github.com/valyala/bytebufferpool"
  packages = ["."]
  pruneopts = "UT"
  revision = "e746df99fe4a3986f4d4f79e13c1e0117ce9c2f7"

[[projects]]
  branch = "master"
  digest = "1:268b8bce0064e8c057d7b913605459f9a26dcab864c0886a56d196540fbf003f"
  name = "github.com/valyala/fasttemplate"
  packages = ["."]
  pruneopts = "UT"
  revision = "dcecefd839c4193db0d35b88ec65b4c12d360ab0"

[[projects]]
  branch = "master"
  digest = "1:3973a1fe2476b78aa93b155176ee5953aa115e360b955dc2ffddda4616ef9bf3"
  name = "golang.org/x/crypto"
  packages = [
    "acme",
    "acme/autocert",
    "ripemd160",
    "ssh/terminal",
  ]
  pruneopts = "UT"
  revision = "91a49db82a88618983a78a06c1cbd4e00ab749ab"

[[projects]]
  branch = "master"
  digest = "1:9bb501ffdf18a0cc48f2e7f45eeeb27428198bccadb320e4a39fdc2126527efd"
  name = "golang.org/x/sys"
  packages = [
    "unix",
    "windows",
  ]
  pruneopts = "UT"
  revision = "dd2ff4accc098aceecb86b36eaa7829b2a17b1c9"

[[projects]]
  digest = "1:2a81c6e126d36ad027328cffaa4888fc3be40f09dc48028d1f93705b718130b9"
  name = "gopkg.in/yaml.v2"
  packages = ["."]
  pruneopts = "UT"
  revision = "7f97868eec74b32b0982dd158a51a446d1da7eb5"
  version = "v2.1.1"

[solve-meta]
  analyzer-name = "dep"
  analyzer-version = 1
  input-imports = [
    "github.com/crewjam/saml/samlsp",
    "github.com/labstack/echo",
    "github.com/labstack/echo/middleware",
    "github.com/sirupsen/logrus",
    "gopkg.in/yaml.v2",
  ]
  solver-name = "gps-cdcl"
  solver-version = 1
